
Microsoft Visual Studio Solution File, Format Version 12.00
# Visual Studio Version 17
VisualStudioVersion = 17.5.002.0
MinimumVisualStudioVersion = 10.0.40219.1
Project("{2150E333-8FDC-42A3-9474-1A3956D46DE8}") = "139 WordBreak", "139 WordBreak", "{658A6A4F-438B-4009-B19A-2443D8A39F7C}"
EndProject
Project("{9A19103F-16F7-4668-BE54-9A1E7A4F7556}") = "Solution", "139 WordBreak\Solution\Solution.csproj", "{5A59FFD2-CB37-4C5D-B6B2-5BCDBAADC396}"
EndProject
Project("{2150E333-8FDC-42A3-9474-1A3956D46DE8}") = "141 LinkedListCycle", "141 LinkedListCycle", "{00ABBDFB-5E52-4038-92D2-40AE5896A9AB}"
EndProject
Project("{9A19103F-16F7-4668-BE54-9A1E7A4F7556}") = "Solution", "141 LinkedListCycle\Solution\Solution.csproj", "{4BA62763-3CB1-496C-A308-F8B2E2FD7BC2}"
EndProject
Project("{2150E333-8FDC-42A3-9474-1A3956D46DE8}") = "15 3Sum", "15 3Sum", "{BB534215-A869-4AA0-9757-784DE09228D6}"
EndProject
Project("{9A19103F-16F7-4668-BE54-9A1E7A4F7556}") = "Solution", "15 3Sum\Solution\Solution.csproj", "{3091F26D-DD43-4DE0-9B69-86CD146A85DD}"
EndProject
Project("{2150E333-8FDC-42A3-9474-1A3956D46DE8}") = "152 MaxProductArray", "152 MaxProductArray", "{E2FDE533-6E3C-4191-B883-0FA0758544E1}"
EndProject
Project("{9A19103F-16F7-4668-BE54-9A1E7A4F7556}") = "Solution", "152 MaxProductArray\Solution\Solution.csproj", "{79B72D21-7A4B-4D0F-AD62-84FAD5A45E66}"
EndProject
Project("{2150E333-8FDC-42A3-9474-1A3956D46DE8}") = "208 Implement Trie", "208 Implement Trie", "{6113218C-2E23-4189-953B-D86FBCAE1E93}"
EndProject
Project("{9A19103F-16F7-4668-BE54-9A1E7A4F7556}") = "Solution", "208 Implement Trie\Solution\Solution.csproj", "{056419EA-5E79-46FE-8395-5F8B02E11F49}"
EndProject
Project("{2150E333-8FDC-42A3-9474-1A3956D46DE8}") = "211 WordDictionary", "211 WordDictionary", "{F699B0B0-9EAF-47C0-ACB0-543DF10322FF}"
EndProject
Project("{9A19103F-16F7-4668-BE54-9A1E7A4F7556}") = "Solution", "211 WordDictionary\Solution\Solution.csproj", "{B3466ACB-AC02-4672-99C2-8A2A85B8B09A}"
EndProject
Project("{2150E333-8FDC-42A3-9474-1A3956D46DE8}") = "217 ContainsDuplicate", "217 ContainsDuplicate", "{7DBD4AD3-15E9-40F6-AF3D-153E277B94D2}"
EndProject
Project("{9A19103F-16F7-4668-BE54-9A1E7A4F7556}") = "Solution", "217 ContainsDuplicate\Solution\Solution.csproj", "{4D9EE5DA-4E19-4B23-AEB4-80627D697EF7}"
EndProject
Project("{2150E333-8FDC-42A3-9474-1A3956D46DE8}") = "297 SerializeDeserializeBinaryTree", "297 SerializeDeserializeBinaryTree", "{CEFB05DF-33E4-46B4-AEBD-824F8532BA90}"
EndProject
Project("{9A19103F-16F7-4668-BE54-9A1E7A4F7556}") = "Solution", "297 SerializeDeserializeBinaryTree\Solution\Solution.csproj", "{8B46EE4E-DD7D-4D53-A6AF-E17693C3F426}"
EndProject
Project("{2150E333-8FDC-42A3-9474-1A3956D46DE8}") = "371 IntegerSum", "371 IntegerSum", "{E028A318-01A8-4C4F-A594-EC400CCE08AA}"
EndProject
Project("{9A19103F-16F7-4668-BE54-9A1E7A4F7556}") = "Solution", "371 IntegerSum\Solution\Solution.csproj", "{AB939AE7-0AC9-47F6-ACF3-463824356730}"
EndProject
Project("{2150E333-8FDC-42A3-9474-1A3956D46DE8}") = "53 MaxSubArray", "53 MaxSubArray", "{C5283EEB-2460-478B-993E-E7EE252FAB0A}"
EndProject
Project("{9A19103F-16F7-4668-BE54-9A1E7A4F7556}") = "Solution", "53 MaxSubArray\Solution\Solution.csproj", "{E5DDB5CB-34A4-43D0-9A62-0D952B2D799A}"
EndProject
Project("{2150E333-8FDC-42A3-9474-1A3956D46DE8}") = "70 ClimbStairs", "70 ClimbStairs", "{272A9C4B-B59A-48CB-873C-E9DA4031ADA2}"
EndProject
Project("{9A19103F-16F7-4668-BE54-9A1E7A4F7556}") = "Solution", "70 ClimbStairs\Solution\Solution.csproj", "{446C2040-E385-4F7F-92F7-F6D306DCC4F0}"
EndProject
Global
	GlobalSection(SolutionConfigurationPlatforms) = preSolution
		Debug|Any CPU = Debug|Any CPU
		Release|Any CPU = Release|Any CPU
	EndGlobalSection
	GlobalSection(ProjectConfigurationPlatforms) = postSolution
		{5A59FFD2-CB37-4C5D-B6B2-5BCDBAADC396}.Debug|Any CPU.ActiveCfg = Debug|Any CPU
		{5A59FFD2-CB37-4C5D-B6B2-5BCDBAADC396}.Debug|Any CPU.Build.0 = Debug|Any CPU
		{5A59FFD2-CB37-4C5D-B6B2-5BCDBAADC396}.Release|Any CPU.ActiveCfg = Release|Any CPU
		{5A59FFD2-CB37-4C5D-B6B2-5BCDBAADC396}.Release|Any CPU.Build.0 = Release|Any CPU
		{4BA62763-3CB1-496C-A308-F8B2E2FD7BC2}.Debug|Any CPU.ActiveCfg = Debug|Any CPU
		{4BA62763-3CB1-496C-A308-F8B2E2FD7BC2}.Debug|Any CPU.Build.0 = Debug|Any CPU
		{4BA62763-3CB1-496C-A308-F8B2E2FD7BC2}.Release|Any CPU.ActiveCfg = Release|Any CPU
		{4BA62763-3CB1-496C-A308-F8B2E2FD7BC2}.Release|Any CPU.Build.0 = Release|Any CPU
		{3091F26D-DD43-4DE0-9B69-86CD146A85DD}.Debug|Any CPU.ActiveCfg = Debug|Any CPU
		{3091F26D-DD43-4DE0-9B69-86CD146A85DD}.Debug|Any CPU.Build.0 = Debug|Any CPU
		{3091F26D-DD43-4DE0-9B69-86CD146A85DD}.Release|Any CPU.ActiveCfg = Release|Any CPU
		{3091F26D-DD43-4DE0-9B69-86CD146A85DD}.Release|Any CPU.Build.0 = Release|Any CPU
		{79B72D21-7A4B-4D0F-AD62-84FAD5A45E66}.Debug|Any CPU.ActiveCfg = Debug|Any CPU
		{79B72D21-7A4B-4D0F-AD62-84FAD5A45E66}.Debug|Any CPU.Build.0 = Debug|Any CPU
		{79B72D21-7A4B-4D0F-AD62-84FAD5A45E66}.Release|Any CPU.ActiveCfg = Release|Any CPU
		{79B72D21-7A4B-4D0F-AD62-84FAD5A45E66}.Release|Any CPU.Build.0 = Release|Any CPU
		{056419EA-5E79-46FE-8395-5F8B02E11F49}.Debug|Any CPU.ActiveCfg = Debug|Any CPU
		{056419EA-5E79-46FE-8395-5F8B02E11F49}.Debug|Any CPU.Build.0 = Debug|Any CPU
		{056419EA-5E79-46FE-8395-5F8B02E11F49}.Release|Any CPU.ActiveCfg = Release|Any CPU
		{056419EA-5E79-46FE-8395-5F8B02E11F49}.Release|Any CPU.Build.0 = Release|Any CPU
		{B3466ACB-AC02-4672-99C2-8A2A85B8B09A}.Debug|Any CPU.ActiveCfg = Debug|Any CPU
		{B3466ACB-AC02-4672-99C2-8A2A85B8B09A}.Debug|Any CPU.Build.0 = Debug|Any CPU
		{B3466ACB-AC02-4672-99C2-8A2A85B8B09A}.Release|Any CPU.ActiveCfg = Release|Any CPU
		{B3466ACB-AC02-4672-99C2-8A2A85B8B09A}.Release|Any CPU.Build.0 = Release|Any CPU
		{4D9EE5DA-4E19-4B23-AEB4-80627D697EF7}.Debug|Any CPU.ActiveCfg = Debug|Any CPU
		{4D9EE5DA-4E19-4B23-AEB4-80627D697EF7}.Debug|Any CPU.Build.0 = Debug|Any CPU
		{4D9EE5DA-4E19-4B23-AEB4-80627D697EF7}.Release|Any CPU.ActiveCfg = Release|Any CPU
		{4D9EE5DA-4E19-4B23-AEB4-80627D697EF7}.Release|Any CPU.Build.0 = Release|Any CPU
		{8B46EE4E-DD7D-4D53-A6AF-E17693C3F426}.Debug|Any CPU.ActiveCfg = Debug|Any CPU
		{8B46EE4E-DD7D-4D53-A6AF-E17693C3F426}.Debug|Any CPU.Build.0 = Debug|Any CPU
		{8B46EE4E-DD7D-4D53-A6AF-E17693C3F426}.Release|Any CPU.ActiveCfg = Release|Any CPU
		{8B46EE4E-DD7D-4D53-A6AF-E17693C3F426}.Release|Any CPU.Build.0 = Release|Any CPU
		{AB939AE7-0AC9-47F6-ACF3-463824356730}.Debug|Any CPU.ActiveCfg = Debug|Any CPU
		{AB939AE7-0AC9-47F6-ACF3-463824356730}.Debug|Any CPU.Build.0 = Debug|Any CPU
		{AB939AE7-0AC9-47F6-ACF3-463824356730}.Release|Any CPU.ActiveCfg = Release|Any CPU
		{AB939AE7-0AC9-47F6-ACF3-463824356730}.Release|Any CPU.Build.0 = Release|Any CPU
		{E5DDB5CB-34A4-43D0-9A62-0D952B2D799A}.Debug|Any CPU.ActiveCfg = Debug|Any CPU
		{E5DDB5CB-34A4-43D0-9A62-0D952B2D799A}.Debug|Any CPU.Build.0 = Debug|Any CPU
		{E5DDB5CB-34A4-43D0-9A62-0D952B2D799A}.Release|Any CPU.ActiveCfg = Release|Any CPU
		{E5DDB5CB-34A4-43D0-9A62-0D952B2D799A}.Release|Any CPU.Build.0 = Release|Any CPU
		{446C2040-E385-4F7F-92F7-F6D306DCC4F0}.Debug|Any CPU.ActiveCfg = Debug|Any CPU
		{446C2040-E385-4F7F-92F7-F6D306DCC4F0}.Debug|Any CPU.Build.0 = Debug|Any CPU
		{446C2040-E385-4F7F-92F7-F6D306DCC4F0}.Release|Any CPU.ActiveCfg = Release|Any CPU
		{446C2040-E385-4F7F-92F7-F6D306DCC4F0}.Release|Any CPU.Build.0 = Release|Any CPU
	EndGlobalSection
	GlobalSection(SolutionProperties) = preSolution
		HideSolutionNode = FALSE
	EndGlobalSection
	GlobalSection(NestedProjects) = preSolution
		{5A59FFD2-CB37-4C5D-B6B2-5BCDBAADC396} = {658A6A4F-438B-4009-B19A-2443D8A39F7C}
		{4BA62763-3CB1-496C-A308-F8B2E2FD7BC2} = {00ABBDFB-5E52-4038-92D2-40AE5896A9AB}
		{3091F26D-DD43-4DE0-9B69-86CD146A85DD} = {BB534215-A869-4AA0-9757-784DE09228D6}
		{79B72D21-7A4B-4D0F-AD62-84FAD5A45E66} = {E2FDE533-6E3C-4191-B883-0FA0758544E1}
		{056419EA-5E79-46FE-8395-5F8B02E11F49} = {6113218C-2E23-4189-953B-D86FBCAE1E93}
		{B3466ACB-AC02-4672-99C2-8A2A85B8B09A} = {F699B0B0-9EAF-47C0-ACB0-543DF10322FF}
		{4D9EE5DA-4E19-4B23-AEB4-80627D697EF7} = {7DBD4AD3-15E9-40F6-AF3D-153E277B94D2}
		{8B46EE4E-DD7D-4D53-A6AF-E17693C3F426} = {CEFB05DF-33E4-46B4-AEBD-824F8532BA90}
		{AB939AE7-0AC9-47F6-ACF3-463824356730} = {E028A318-01A8-4C4F-A594-EC400CCE08AA}
		{E5DDB5CB-34A4-43D0-9A62-0D952B2D799A} = {C5283EEB-2460-478B-993E-E7EE252FAB0A}
		{446C2040-E385-4F7F-92F7-F6D306DCC4F0} = {272A9C4B-B59A-48CB-873C-E9DA4031ADA2}
	EndGlobalSection
	GlobalSection(ExtensibilityGlobals) = postSolution
		SolutionGuid = {5AF944AD-F79D-4EE8-8B4A-BE1530FAC73A}
	EndGlobalSection
EndGlobal
